
Microsoft Visual Studio Solution File, Format Version 12.00
# Visual Studio 14
VisualStudioVersion = 14.0.23107.0
MinimumVisualStudioVersion = 10.0.40219.1
Project("{159641D6-6404-4A2A-AE62-294DE0FE8301}") = "CRC.XSPOC_To_ProCount", "Integration Services Project1\CRC.XSPOC_To_ProCount.dtproj", "{E61CC5E2-5831-47A0-B3B1-C6D3058BC4ED}"
EndProject
Global
	GlobalSection(SolutionConfigurationPlatforms) = preSolution
		Development|Default = Development|Default
	EndGlobalSection
	GlobalSection(ProjectConfigurationPlatforms) = postSolution
		{E61CC5E2-5831-47A0-B3B1-C6D3058BC4ED}.Development|Default.ActiveCfg = Development
		{E61CC5E2-5831-47A0-B3B1-C6D3058BC4ED}.Development|Default.Build.0 = Development
	EndGlobalSection
	GlobalSection(SolutionProperties) = preSolution
		HideSolutionNode = FALSE
	EndGlobalSection
EndGlobal
